
Microsoft Visual Studio Solution File, Format Version 12.00
# Visual Studio Version 16
VisualStudioVersion = 16.0.31005.135
MinimumVisualStudioVersion = 10.0.40219.1
Project("{FAE04EC0-301F-11D3-BF4B-00C04F79EFBC}") = "BotTrader", "BotTrader\BotTrader.csproj", "{6E75127F-375F-4C1C-B263-CDFEBF3C757E}"
EndProject
Global
	GlobalSection(SolutionConfigurationPlatforms) = preSolution
		Debug|Any CPU = Debug|Any CPU
		Release|Any CPU = Release|Any CPU
	EndGlobalSection
	GlobalSection(ProjectConfigurationPlatforms) = postSolution
		{6E75127F-375F-4C1C-B263-CDFEBF3C757E}.Debug|Any CPU.ActiveCfg = Debug|Any CPU
		{6E75127F-375F-4C1C-B263-CDFEBF3C757E}.Debug|Any CPU.Build.0 = Debug|Any CPU
		{6E75127F-375F-4C1C-B263-CDFEBF3C757E}.Release|Any CPU.ActiveCfg = Release|Any CPU
		{6E75127F-375F-4C1C-B263-CDFEBF3C757E}.Release|Any CPU.Build.0 = Release|Any CPU
	EndGlobalSection
	GlobalSection(SolutionProperties) = preSolution
		HideSolutionNode = FALSE
	EndGlobalSection
	GlobalSection(ExtensibilityGlobals) = postSolution
		SolutionGuid = {162F20DF-FCF2-4E06-AAB5-8F6FC2A52F74}
	EndGlobalSection
EndGlobal
